// !$*UTF8*$!
{
	archiveVersion = 1;
	classes = {
	};
	objectVersion = 50;
	objects = {

/* Begin PBXBuildFile section */
		7660915F21492B7D00C10005 /* AppDelegate.m in Sources */ = {isa = PBXBuildFile; fileRef = 7660915E21492B7D00C10005 /* AppDelegate.m */; };
		7660916121492B8000C10005 /* Assets.xcassets in Resources */ = {isa = PBXBuildFile; fileRef = 7660916021492B8000C10005 /* Assets.xcassets */; };
		7660916421492B8000C10005 /* MainMenu.xib in Resources */ = {isa = PBXBuildFile; fileRef = 7660916221492B8000C10005 /* MainMenu.xib */; };
		7660916721492B8000C10005 /* main.m in Sources */ = {isa = PBXBuildFile; fileRef = 7660916621492B8000C10005 /* main.m */; };
		766091A321492C0000C10005 /* UpdateCore.framework in Frameworks */ = {isa = PBXBuildFile; fileRef = 7660918F21492BA700C10005 /* UpdateCore.framework */; };
		766091A421492C0000C10005 /* UpdateKit.framework in Frameworks */ = {isa = PBXBuildFile; fileRef = 7660918021492B9F00C10005 /* UpdateKit.framework */; };
		766091A621492C1200C10005 /* UpdateKit.framework in Copy Frameworks */ = {isa = PBXBuildFile; fileRef = 7660918021492B9F00C10005 /* UpdateKit.framework */; settings = {ATTRIBUTES = (CodeSignOnCopy, RemoveHeadersOnCopy, ); }; };
		766091A721492C1200C10005 /* UpdateCore.framework in Copy Frameworks */ = {isa = PBXBuildFile; fileRef = 7660918F21492BA700C10005 /* UpdateCore.framework */; settings = {ATTRIBUTES = (CodeSignOnCopy, RemoveHeadersOnCopy, ); }; };
/* End PBXBuildFile section */

/* Begin PBXContainerItemProxy section */
		7660917F21492B9F00C10005 /* PBXContainerItemProxy */ = {
			isa = PBXContainerItemProxy;
			containerPortal = 7660917921492B9F00C10005 /* updatekit.xcodeproj */;
			proxyType = 2;
			remoteGlobalIDString = 7660910F2149162100C10005;
			remoteInfo = UpdateKit;
		};
		7660918121492B9F00C10005 /* PBXContainerItemProxy */ = {
			isa = PBXContainerItemProxy;
			containerPortal = 7660917921492B9F00C10005 /* updatekit.xcodeproj */;
			proxyType = 2;
			remoteGlobalIDString = 766091202149173500C10005;
			remoteInfo = updatekitTests;
		};
		7660918E21492BA700C10005 /* PBXContainerItemProxy */ = {
			isa = PBXContainerItemProxy;
			containerPortal = 7660918321492BA700C10005 /* updatecore.xcodeproj */;
			proxyType = 2;
			remoteGlobalIDString = 769DAACE2136C42C0083C43F;
			remoteInfo = UpdateCore;
		};
		7660919021492BA700C10005 /* PBXContainerItemProxy */ = {
			isa = PBXContainerItemProxy;
			containerPortal = 7660918321492BA700C10005 /* updatecore.xcodeproj */;
			proxyType = 2;
			remoteGlobalIDString = 769DAAD72136C42C0083C43F;
			remoteInfo = updatecoreTests;
		};
		7660919221492BA700C10005 /* PBXContainerItemProxy */ = {
			isa = PBXContainerItemProxy;
			containerPortal = 7660918321492BA700C10005 /* updatecore.xcodeproj */;
			proxyType = 2;
			remoteGlobalIDString = 769DAAFA2136D99C0083C43F;
			remoteInfo = UCIsolatedDownload;
		};
		7660919421492BA700C10005 /* PBXContainerItemProxy */ = {
			isa = PBXContainerItemProxy;
			containerPortal = 7660918321492BA700C10005 /* updatecore.xcodeproj */;
			proxyType = 2;
			remoteGlobalIDString = 762557F921381F2A00F69A77;
			remoteInfo = UCIsolatedParse;
		};
		7660919621492BA700C10005 /* PBXContainerItemProxy */ = {
			isa = PBXContainerItemProxy;
			containerPortal = 7660918321492BA700C10005 /* updatecore.xcodeproj */;
			proxyType = 2;
			remoteGlobalIDString = 76B79769213BE3B200B94D05;
			remoteInfo = UCIsolatedVerify;
		};
		7660919821492BA700C10005 /* PBXContainerItemProxy */ = {
			isa = PBXContainerItemProxy;
			containerPortal = 7660918321492BA700C10005 /* updatecore.xcodeproj */;
			proxyType = 2;
			remoteGlobalIDString = 76B1D4EA2142854C0036431F;
			remoteInfo = UCIsolatedInstall;
		};
		7660919A21492BA700C10005 /* PBXContainerItemProxy */ = {
			isa = PBXContainerItemProxy;
			containerPortal = 7660918321492BA700C10005 /* updatecore.xcodeproj */;
			proxyType = 2;
			remoteGlobalIDString = 76ACEEBF21440B6B002DC39B;
			remoteInfo = UCInstallTool;
		};
		7660919C21492BA700C10005 /* PBXContainerItemProxy */ = {
			isa = PBXContainerItemProxy;
			containerPortal = 7660918321492BA700C10005 /* updatecore.xcodeproj */;
			proxyType = 2;
			remoteGlobalIDString = 76B1D5122142B0470036431F;
			remoteInfo = "Update Authority";
		};
		7660919E21492BF600C10005 /* PBXContainerItemProxy */ = {
			isa = PBXContainerItemProxy;
			containerPortal = 7660917921492B9F00C10005 /* updatekit.xcodeproj */;
			proxyType = 1;
			remoteGlobalIDString = 7660910E2149162100C10005;
			remoteInfo = UpdateKit;
		};
		766091A021492BF600C10005 /* PBXContainerItemProxy */ = {
			isa = PBXContainerItemProxy;
			containerPortal = 7660918321492BA700C10005 /* updatecore.xcodeproj */;
			proxyType = 1;
			remoteGlobalIDString = 769DAACD2136C42C0083C43F;
			remoteInfo = UpdateCore;
		};
/* End PBXContainerItemProxy section */

/* Begin PBXCopyFilesBuildPhase section */
		766091A521492C0400C10005 /* Copy Frameworks */ = {
			isa = PBXCopyFilesBuildPhase;
			buildActionMask = 2147483647;
			dstPath = "";
			dstSubfolderSpec = 10;
			files = (
				766091A621492C1200C10005 /* UpdateKit.framework in Copy Frameworks */,
				766091A721492C1200C10005 /* UpdateCore.framework in Copy Frameworks */,
			);
			name = "Copy Frameworks";
			runOnlyForDeploymentPostprocessing = 0;
		};
/* End PBXCopyFilesBuildPhase section */

/* Begin PBXFileReference section */
		7660915A21492B7D00C10005 /* basic-kit.app */ = {isa = PBXFileReference; explicitFileType = wrapper.application; includeInIndex = 0; path = "basic-kit.app"; sourceTree = BUILT_PRODUCTS_DIR; };
		7660915D21492B7D00C10005 /* AppDelegate.h */ = {isa = PBXFileReference; lastKnownFileType = sourcecode.c.h; path = AppDelegate.h; sourceTree = "<group>"; };
		7660915E21492B7D00C10005 /* AppDelegate.m */ = {isa = PBXFileReference; lastKnownFileType = sourcecode.c.objc; path = AppDelegate.m; sourceTree = "<group>"; };
		7660916021492B8000C10005 /* Assets.xcassets */ = {isa = PBXFileReference; lastKnownFileType = folder.assetcatalog; path = Assets.xcassets; sourceTree = "<group>"; };
		7660916321492B8000C10005 /* Base */ = {isa = PBXFileReference; lastKnownFileType = file.xib; name = Base; path = Base.lproj/MainMenu.xib; sourceTree = "<group>"; };
		7660916521492B8000C10005 /* Info.plist */ = {isa = PBXFileReference; lastKnownFileType = text.plist.xml; path = Info.plist; sourceTree = "<group>"; };
		7660916621492B8000C10005 /* main.m */ = {isa = PBXFileReference; lastKnownFileType = sourcecode.c.objc; path = main.m; sourceTree = "<group>"; };
		7660916821492B8000C10005 /* basic_kit.entitlements */ = {isa = PBXFileReference; lastKnownFileType = text.plist.entitlements; path = basic_kit.entitlements; sourceTree = "<group>"; };
		7660917921492B9F00C10005 /* updatekit.xcodeproj */ = {isa = PBXFileReference; lastKnownFileType = "wrapper.pb-project"; name = updatekit.xcodeproj; path = ../../frameworks/updatekit/updatekit.xcodeproj; sourceTree = "<group>"; };
		7660918321492BA700C10005 /* updatecore.xcodeproj */ = {isa = PBXFileReference; lastKnownFileType = "wrapper.pb-project"; name = updatecore.xcodeproj; path = ../../frameworks/updatecore/updatecore.xcodeproj; sourceTree = "<group>"; };
/* End PBXFileReference section */

/* Begin PBXFrameworksBuildPhase section */
		7660915721492B7D00C10005 /* Frameworks */ = {
			isa = PBXFrameworksBuildPhase;
			buildActionMask = 2147483647;
			files = (
				766091A321492C0000C10005 /* UpdateCore.framework in Frameworks */,
				766091A421492C0000C10005 /* UpdateKit.framework in Frameworks */,
			);
			runOnlyForDeploymentPostprocessing = 0;
		};
/* End PBXFrameworksBuildPhase section */

/* Begin PBXGroup section */
		7660915121492B7D00C10005 = {
			isa = PBXGroup;
			children = (
				7660915C21492B7D00C10005 /* basic-kit */,
				7660915B21492B7D00C10005 /* Products */,
				7660917921492B9F00C10005 /* updatekit.xcodeproj */,
				7660918321492BA700C10005 /* updatecore.xcodeproj */,
				766091A221492C0000C10005 /* Frameworks */,
			);
			sourceTree = "<group>";
		};
		7660915B21492B7D00C10005 /* Products */ = {
			isa = PBXGroup;
			children = (
				7660915A21492B7D00C10005 /* basic-kit.app */,
			);
			name = Products;
			sourceTree = "<group>";
		};
		7660915C21492B7D00C10005 /* basic-kit */ = {
			isa = PBXGroup;
			children = (
				7660915D21492B7D00C10005 /* AppDelegate.h */,
				7660915E21492B7D00C10005 /* AppDelegate.m */,
				7660916021492B8000C10005 /* Assets.xcassets */,
				7660916221492B8000C10005 /* MainMenu.xib */,
				7660916521492B8000C10005 /* Info.plist */,
				7660916621492B8000C10005 /* main.m */,
				7660916821492B8000C10005 /* basic_kit.entitlements */,
			);
			path = "basic-kit";
			sourceTree = "<group>";
		};
		7660917A21492B9F00C10005 /* Products */ = {
			isa = PBXGroup;
			children = (
				7660918021492B9F00C10005 /* UpdateKit.framework */,
				7660918221492B9F00C10005 /* updatekitTests.xctest */,
			);
			name = Products;
			sourceTree = "<group>";
		};
		7660918421492BA700C10005 /* Products */ = {
			isa = PBXGroup;
			children = (
				7660918F21492BA700C10005 /* UpdateCore.framework */,
				7660919121492BA700C10005 /* updatecoreTests.xctest */,
				7660919321492BA700C10005 /* UCIsolatedDownload.xpc */,
				7660919521492BA700C10005 /* UCIsolatedParse.xpc */,
				7660919721492BA700C10005 /* UCIsolatedVerify.xpc */,
				7660919921492BA700C10005 /* UCIsolatedInstall.xpc */,
				7660919B21492BA700C10005 /* uk.co.dssw.powermanager.installer */,
				7660919D21492BA700C10005 /* Power Manager Software Update.app */,
			);
			name = Products;
			sourceTree = "<group>";
		};
		766091A221492C0000C10005 /* Frameworks */ = {
			isa = PBXGroup;
			children = (
			);
			name = Frameworks;
			sourceTree = "<group>";
		};
/* End PBXGroup section */

/* Begin PBXNativeTarget section */
		7660915921492B7D00C10005 /* basic-kit */ = {
			isa = PBXNativeTarget;
			buildConfigurationList = 7660916B21492B8000C10005 /* Build configuration list for PBXNativeTarget "basic-kit" */;
			buildPhases = (
				7660915621492B7D00C10005 /* Sources */,
				7660915721492B7D00C10005 /* Frameworks */,
				7660915821492B7D00C10005 /* Resources */,
				766091A521492C0400C10005 /* Copy Frameworks */,
			);
			buildRules = (
			);
			dependencies = (
				7660919F21492BF600C10005 /* PBXTargetDependency */,
				766091A121492BF600C10005 /* PBXTargetDependency */,
			);
			name = "basic-kit";
			productName = "basic-kit";
			productReference = 7660915A21492B7D00C10005 /* basic-kit.app */;
			productType = "com.apple.product-type.application";
		};
/* End PBXNativeTarget section */

/* Begin PBXProject section */
		7660915221492B7D00C10005 /* Project object */ = {
			isa = PBXProject;
			attributes = {
				LastUpgradeCheck = 0940;
				ORGANIZATIONNAME = "Graham Miln";
				TargetAttributes = {
					7660915921492B7D00C10005 = {
						CreatedOnToolsVersion = 9.4.1;
					};
				};
			};
			buildConfigurationList = 7660915521492B7D00C10005 /* Build configuration list for PBXProject "basic-kit" */;
			compatibilityVersion = "Xcode 9.3";
			developmentRegion = en;
			hasScannedForEncodings = 0;
			knownRegions = (
				en,
				Base,
			);
			mainGroup = 7660915121492B7D00C10005;
			productRefGroup = 7660915B21492B7D00C10005 /* Products */;
			projectDirPath = "";
			projectReferences = (
				{
					ProductGroup = 7660918421492BA700C10005 /* Products */;
					ProjectRef = 7660918321492BA700C10005 /* updatecore.xcodeproj */;
				},
				{
					ProductGroup = 7660917A21492B9F00C10005 /* Products */;
					ProjectRef = 7660917921492B9F00C10005 /* updatekit.xcodeproj */;
				},
			);
			projectRoot = "";
			targets = (
				7660915921492B7D00C10005 /* basic-kit */,
			);
		};
/* End PBXProject section */

/* Begin PBXReferenceProxy section */
		7660918021492B9F00C10005 /* UpdateKit.framework */ = {
			isa = PBXReferenceProxy;
			fileType = wrapper.framework;
			path = UpdateKit.framework;
			remoteRef = 7660917F21492B9F00C10005 /* PBXContainerItemProxy */;
			sourceTree = BUILT_PRODUCTS_DIR;
		};
		7660918221492B9F00C10005 /* updatekitTests.xctest */ = {
			isa = PBXReferenceProxy;
			fileType = wrapper.cfbundle;
			path = updatekitTests.xctest;
			remoteRef = 7660918121492B9F00C10005 /* PBXContainerItemProxy */;
			sourceTree = BUILT_PRODUCTS_DIR;
		};
		7660918F21492BA700C10005 /* UpdateCore.framework */ = {
			isa = PBXReferenceProxy;
			fileType = wrapper.framework;
			path = UpdateCore.framework;
			remoteRef = 7660918E21492BA700C10005 /* PBXContainerItemProxy */;
			sourceTree = BUILT_PRODUCTS_DIR;
		};
		7660919121492BA700C10005 /* updatecoreTests.xctest */ = {
			isa = PBXReferenceProxy;
			fileType = wrapper.cfbundle;
			path = updatecoreTests.xctest;
			remoteRef = 7660919021492BA700C10005 /* PBXContainerItemProxy */;
			sourceTree = BUILT_PRODUCTS_DIR;
		};
		7660919321492BA700C10005 /* UCIsolatedDownload.xpc */ = {
			isa = PBXReferenceProxy;
			fileType = "wrapper.xpc-service";
			path = UCIsolatedDownload.xpc;
			remoteRef = 7660919221492BA700C10005 /* PBXContainerItemProxy */;
			sourceTree = BUILT_PRODUCTS_DIR;
		};
		7660919521492BA700C10005 /* UCIsolatedParse.xpc */ = {
			isa = PBXReferenceProxy;
			fileType = "wrapper.xpc-service";
			path = UCIsolatedParse.xpc;
			remoteRef = 7660919421492BA700C10005 /* PBXContainerItemProxy */;
			sourceTree = BUILT_PRODUCTS_DIR;
		};
		7660919721492BA700C10005 /* UCIsolatedVerify.xpc */ = {
			isa = PBXReferenceProxy;
			fileType = "wrapper.xpc-service";
			path = UCIsolatedVerify.xpc;
			remoteRef = 7660919621492BA700C10005 /* PBXContainerItemProxy */;
			sourceTree = BUILT_PRODUCTS_DIR;
		};
		7660919921492BA700C10005 /* UCIsolatedInstall.xpc */ = {
			isa = PBXReferenceProxy;
			fileType = "wrapper.xpc-service";
			path = UCIsolatedInstall.xpc;
			remoteRef = 7660919821492BA700C10005 /* PBXContainerItemProxy */;
			sourceTree = BUILT_PRODUCTS_DIR;
		};
		7660919B21492BA700C10005 /* uk.co.dssw.powermanager.installer */ = {
			isa = PBXReferenceProxy;
			fileType = "compiled.mach-o.executable";
			path = uk.co.dssw.powermanager.installer;
			remoteRef = 7660919A21492BA700C10005 /* PBXContainerItemProxy */;
			sourceTree = BUILT_PRODUCTS_DIR;
		};
		7660919D21492BA700C10005 /* Power Manager Software Update.app */ = {
			isa = PBXReferenceProxy;
			fileType = wrapper.application;
			path = "Power Manager Software Update.app";
			remoteRef = 7660919C21492BA700C10005 /* PBXContainerItemProxy */;
			sourceTree = BUILT_PRODUCTS_DIR;
		};
/* End PBXReferenceProxy section */

/* Begin PBXResourcesBuildPhase section */
		7660915821492B7D00C10005 /* Resources */ = {
			isa = PBXResourcesBuildPhase;
			buildActionMask = 2147483647;
			files = (
				7660916121492B8000C10005 /* Assets.xcassets in Resources */,
				7660916421492B8000C10005 /* MainMenu.xib in Resources */,
			);
			runOnlyForDeploymentPostprocessing = 0;
		};
/* End PBXResourcesBuildPhase section */

/* Begin PBXSourcesBuildPhase section */
		7660915621492B7D00C10005 /* Sources */ = {
			isa = PBXSourcesBuildPhase;
			buildActionMask = 2147483647;
			files = (
				7660916721492B8000C10005 /* main.m in Sources */,
				7660915F21492B7D00C10005 /* AppDelegate.m in Sources */,
			);
			runOnlyForDeploymentPostprocessing = 0;
		};
/* End PBXSourcesBuildPhase section */

/* Begin PBXTargetDependency section */
		7660919F21492BF600C10005 /* PBXTargetDependency */ = {
			isa = PBXTargetDependency;
			name = UpdateKit;
			targetProxy = 7660919E21492BF600C10005 /* PBXContainerItemProxy */;
		};
		766091A121492BF600C10005 /* PBXTargetDependency */ = {
			isa = PBXTargetDependency;
			name = UpdateCore;
			targetProxy = 766091A021492BF600C10005 /* PBXContainerItemProxy */;
		};
/* End PBXTargetDependency section */

/* Begin PBXVariantGroup section */
		7660916221492B8000C10005 /* MainMenu.xib */ = {
			isa = PBXVariantGroup;
			children = (
				7660916321492B8000C10005 /* Base */,
			);
			name = MainMenu.xib;
			sourceTree = "<group>";
		};
/* End PBXVariantGroup section */

/* Begin XCBuildConfiguration section */
		7660916921492B8000C10005 /* Debug */ = {
			isa = XCBuildConfiguration;
			buildSettings = {
				ALWAYS_SEARCH_USER_PATHS = NO;
				CLANG_ANALYZER_NONNULL = YES;
				CLANG_ANALYZER_NUMBER_OBJECT_CONVERSION = YES_AGGRESSIVE;
				CLANG_CXX_LANGUAGE_STANDARD = "gnu++14";
				CLANG_CXX_LIBRARY = "libc++";
				CLANG_ENABLE_MODULES = YES;
				CLANG_ENABLE_OBJC_ARC = YES;
				CLANG_ENABLE_OBJC_WEAK = YES;
				CLANG_WARN_BLOCK_CAPTURE_AUTORELEASING = YES;
				CLANG_WARN_BOOL_CONVERSION = YES;
				CLANG_WARN_COMMA = YES;
				CLANG_WARN_CONSTANT_CONVERSION = YES;
				CLANG_WARN_DEPRECATED_OBJC_IMPLEMENTATIONS = YES;
				CLANG_WARN_DIRECT_OBJC_ISA_USAGE = YES_ERROR;
				CLANG_WARN_DOCUMENTATION_COMMENTS = YES;
				CLANG_WARN_EMPTY_BODY = YES;
				CLANG_WARN_ENUM_CONVERSION = YES;
				CLANG_WARN_INFINITE_RECURSION = YES;
				CLANG_WARN_INT_CONVERSION = YES;
				CLANG_WARN_NON_LITERAL_NULL_CONVERSION = YES;
				CLANG_WARN_OBJC_IMPLICIT_RETAIN_SELF = YES;
				CLANG_WARN_OBJC_LITERAL_CONVERSION = YES;
				CLANG_WARN_OBJC_ROOT_CLASS = YES_ERROR;
				CLANG_WARN_RANGE_LOOP_ANALYSIS = YES;
				CLANG_WARN_STRICT_PROTOTYPES = YES;
				CLANG_WARN_SUSPICIOUS_MOVE = YES;
				CLANG_WARN_UNGUARDED_AVAILABILITY = YES_AGGRESSIVE;
				CLANG_WARN_UNREACHABLE_CODE = YES;
				CLANG_WARN__DUPLICATE_METHOD_MATCH = YES;
				CODE_SIGN_IDENTITY = "Mac Developer";
				COPY_PHASE_STRIP = NO;
				DEBUG_INFORMATION_FORMAT = dwarf;
				ENABLE_STRICT_OBJC_MSGSEND = YES;
				ENABLE_TESTABILITY = YES;
				GCC_C_LANGUAGE_STANDARD = gnu11;
				GCC_DYNAMIC_NO_PIC = NO;
				GCC_NO_COMMON_BLOCKS = YES;
				GCC_OPTIMIZATION_LEVEL = 0;
				GCC_PREPROCESSOR_DEFINITIONS = (
					"DEBUG=1",
					"$(inherited)",
				);
				GCC_WARN_64_TO_32_BIT_CONVERSION = YES;
				GCC_WARN_ABOUT_RETURN_TYPE = YES_ERROR;
				GCC_WARN_UNDECLARED_SELECTOR = YES;
				GCC_WARN_UNINITIALIZED_AUTOS = YES_AGGRESSIVE;
				GCC_WARN_UNUSED_FUNCTION = YES;
				GCC_WARN_UNUSED_VARIABLE = YES;
				MACOSX_DEPLOYMENT_TARGET = 10.13;
				MTL_ENABLE_DEBUG_INFO = YES;
				ONLY_ACTIVE_ARCH = YES;
				SDKROOT = macosx;
			};
			name = Debug;
		};
		7660916A21492B8000C10005 /* Release */ = {
			isa = XCBuildConfiguration;
			buildSettings = {
				ALWAYS_SEARCH_USER_PATHS = NO;
				CLANG_ANALYZER_NONNULL = YES;
				CLANG_ANALYZER_NUMBER_OBJECT_CONVERSION = YES_AGGRESSIVE;
				CLANG_CXX_LANGUAGE_STANDARD = "gnu++14";
				CLANG_CXX_LIBRARY = "libc++";
				CLANG_ENABLE_MODULES = YES;
				CLANG_ENABLE_OBJC_ARC = YES;
				CLANG_ENABLE_OBJC_WEAK = YES;
				CLANG_WARN_BLOCK_CAPTURE_AUTORELEASING = YES;
				CLANG_WARN_BOOL_CONVERSION = YES;
				CLANG_WARN_COMMA = YES;
				CLANG_WARN_CONSTANT_CONVERSION = YES;
				CLANG_WARN_DEPRECATED_OBJC_IMPLEMENTATIONS = YES;
				CLANG_WARN_DIRECT_OBJC_ISA_USAGE = YES_ERROR;
				CLANG_WARN_DOCUMENTATION_COMMENTS = YES;
				CLANG_WARN_EMPTY_BODY = YES;
				CLANG_WARN_ENUM_CONVERSION = YES;
				CLANG_WARN_INFINITE_RECURSION = YES;
				CLANG_WARN_INT_CONVERSION = YES;
				CLANG_WARN_NON_LITERAL_NULL_CONVERSION = YES;
				CLANG_WARN_OBJC_IMPLICIT_RETAIN_SELF = YES;
				CLANG_WARN_OBJC_LITERAL_CONVERSION = YES;
				CLANG_WARN_OBJC_ROOT_CLASS = YES_ERROR;
				CLANG_WARN_RANGE_LOOP_ANALYSIS = YES;
				CLANG_WARN_STRICT_PROTOTYPES = YES;
				CLANG_WARN_SUSPICIOUS_MOVE = YES;
				CLANG_WARN_UNGUARDED_AVAILABILITY = YES_AGGRESSIVE;
				CLANG_WARN_UNREACHABLE_CODE = YES;
				CLANG_WARN__DUPLICATE_METHOD_MATCH = YES;
				CODE_SIGN_IDENTITY = "Mac Developer";
				COPY_PHASE_STRIP = NO;
				DEBUG_INFORMATION_FORMAT = "dwarf-with-dsym";
				ENABLE_NS_ASSERTIONS = NO;
				ENABLE_STRICT_OBJC_MSGSEND = YES;
				GCC_C_LANGUAGE_STANDARD = gnu11;
				GCC_NO_COMMON_BLOCKS = YES;
				GCC_WARN_64_TO_32_BIT_CONVERSION = YES;
				GCC_WARN_ABOUT_RETURN_TYPE = YES_ERROR;
				GCC_WARN_UNDECLARED_SELECTOR = YES;
				GCC_WARN_UNINITIALIZED_AUTOS = YES_AGGRESSIVE;
				GCC_WARN_UNUSED_FUNCTION = YES;
				GCC_WARN_UNUSED_VARIABLE = YES;
				MACOSX_DEPLOYMENT_TARGET = 10.13;
				MTL_ENABLE_DEBUG_INFO = NO;
				SDKROOT = macosx;
			};
			name = Release;
		};
		7660916C21492B8000C10005 /* Debug */ = {
			isa = XCBuildConfiguration;
			buildSettings = {
				ASSETCATALOG_COMPILER_APPICON_NAME = AppIcon;
				CODE_SIGN_ENTITLEMENTS = "basic-kit/basic_kit.entitlements";
				CODE_SIGN_IDENTITY = "-";
				CODE_SIGN_STYLE = Automatic;
				COMBINE_HIDPI_IMAGES = YES;
				DEVELOPMENT_TEAM = "";
				INFOPLIST_FILE = "basic-kit/Info.plist";
				LD_RUNPATH_SEARCH_PATHS = (
					"$(inherited)",
					"@executable_path/../Frameworks",
				);
				PRODUCT_BUNDLE_IDENTIFIER = "eu.miln.update.basic-kit";
				PRODUCT_NAME = "$(TARGET_NAME)";
			};
			name = Debug;
		};
		7660916D21492B8000C10005 /* Release */ = {
			isa = XCBuildConfiguration;
			buildSettings = {
				ASSETCATALOG_COMPILER_APPICON_NAME = AppIcon;
				CODE_SIGN_ENTITLEMENTS = "basic-kit/basic_kit.entitlements";
				CODE_SIGN_IDENTITY = "-";
				CODE_SIGN_STYLE = Automatic;
				COMBINE_HIDPI_IMAGES = YES;
				DEVELOPMENT_TEAM = "";
				INFOPLIST_FILE = "basic-kit/Info.plist";
				LD_RUNPATH_SEARCH_PATHS = (
					"$(inherited)",
					"@executable_path/../Frameworks",
				);
				PRODUCT_BUNDLE_IDENTIFIER = "eu.miln.update.basic-kit";
				PRODUCT_NAME = "$(TARGET_NAME)";
			};
			name = Release;
		};
/* End XCBuildConfiguration section */

/* Begin XCConfigurationList section */
		7660915521492B7D00C10005 /* Build configuration list for PBXProject "basic-kit" */ = {
			isa = XCConfigurationList;
			buildConfigurations = (
				7660916921492B8000C10005 /* Debug */,
				7660916A21492B8000C10005 /* Release */,
			);
			defaultConfigurationIsVisible = 0;
			defaultConfigurationName = Release;
		};
		7660916B21492B8000C10005 /* Build configuration list for PBXNativeTarget "basic-kit" */ = {
			isa = XCConfigurationList;
			buildConfigurations = (
				7660916C21492B8000C10005 /* Debug */,
				7660916D21492B8000C10005 /* Release */,
			);
			defaultConfigurationIsVisible = 0;
			defaultConfigurationName = Release;
		};
/* End XCConfigurationList section */
	};
	rootObject = 7660915221492B7D00C10005 /* Project object */;
}
