// !$*UTF8*$!
{
	archiveVersion = 1;
	classes = {
	};
	objectVersion = 50;
	objects = {

/* Begin PBXBuildFile section */
		762557C5213802B100F69A77 /* BasicCore.m in Sources */ = {isa = PBXBuildFile; fileRef = 762557C4213802B100F69A77 /* BasicCore.m */; };
		762557C7213802B300F69A77 /* Assets.xcassets in Resources */ = {isa = PBXBuildFile; fileRef = 762557C6213802B300F69A77 /* Assets.xcassets */; };
		762557CA213802B300F69A77 /* MainMenu.xib in Resources */ = {isa = PBXBuildFile; fileRef = 762557C8213802B300F69A77 /* MainMenu.xib */; };
		762557CD213802B300F69A77 /* main.m in Sources */ = {isa = PBXBuildFile; fileRef = 762557CC213802B300F69A77 /* main.m */; };
		762557D8213802B300F69A77 /* basic_coreTests.m in Sources */ = {isa = PBXBuildFile; fileRef = 762557D7213802B300F69A77 /* basic_coreTests.m */; };
		762557F12138036B00F69A77 /* UpdateCore.framework in Frameworks */ = {isa = PBXBuildFile; fileRef = 762557E92138035800F69A77 /* UpdateCore.framework */; };
		762557F32138037D00F69A77 /* UpdateCore.framework in Copy Frameworks */ = {isa = PBXBuildFile; fileRef = 762557E92138035800F69A77 /* UpdateCore.framework */; settings = {ATTRIBUTES = (CodeSignOnCopy, RemoveHeadersOnCopy, ); }; };
/* End PBXBuildFile section */

/* Begin PBXContainerItemProxy section */
		76020B882143C5170041D79B /* PBXContainerItemProxy */ = {
			isa = PBXContainerItemProxy;
			containerPortal = 762557E22138035800F69A77 /* updatecore.xcodeproj */;
			proxyType = 2;
			remoteGlobalIDString = 76B1D5122142B0470036431F;
			remoteInfo = "Update Authority";
		};
		762557D4213802B300F69A77 /* PBXContainerItemProxy */ = {
			isa = PBXContainerItemProxy;
			containerPortal = 762557B8213802B100F69A77 /* Project object */;
			proxyType = 1;
			remoteGlobalIDString = 762557BF213802B100F69A77;
			remoteInfo = "basic-core";
		};
		762557E82138035800F69A77 /* PBXContainerItemProxy */ = {
			isa = PBXContainerItemProxy;
			containerPortal = 762557E22138035800F69A77 /* updatecore.xcodeproj */;
			proxyType = 2;
			remoteGlobalIDString = 769DAACE2136C42C0083C43F;
			remoteInfo = UpdateCore;
		};
		762557EA2138035800F69A77 /* PBXContainerItemProxy */ = {
			isa = PBXContainerItemProxy;
			containerPortal = 762557E22138035800F69A77 /* updatecore.xcodeproj */;
			proxyType = 2;
			remoteGlobalIDString = 769DAAD72136C42C0083C43F;
			remoteInfo = updatecoreTests;
		};
		762557EC2138035800F69A77 /* PBXContainerItemProxy */ = {
			isa = PBXContainerItemProxy;
			containerPortal = 762557E22138035800F69A77 /* updatecore.xcodeproj */;
			proxyType = 2;
			remoteGlobalIDString = 769DAAFA2136D99C0083C43F;
			remoteInfo = UCIsolatedDownload;
		};
		762557EE2138036600F69A77 /* PBXContainerItemProxy */ = {
			isa = PBXContainerItemProxy;
			containerPortal = 762557E22138035800F69A77 /* updatecore.xcodeproj */;
			proxyType = 1;
			remoteGlobalIDString = 769DAACD2136C42C0083C43F;
			remoteInfo = UpdateCore;
		};
		769AB86D214553E800A32591 /* PBXContainerItemProxy */ = {
			isa = PBXContainerItemProxy;
			containerPortal = 762557E22138035800F69A77 /* updatecore.xcodeproj */;
			proxyType = 2;
			remoteGlobalIDString = 76ACEEBF21440B6B002DC39B;
			remoteInfo = UCInstallTool;
		};
		76B1D5052142AF040036431F /* PBXContainerItemProxy */ = {
			isa = PBXContainerItemProxy;
			containerPortal = 762557E22138035800F69A77 /* updatecore.xcodeproj */;
			proxyType = 2;
			remoteGlobalIDString = 76B79769213BE3B200B94D05;
			remoteInfo = UCIsolatedVerify;
		};
		76B1D5072142AF040036431F /* PBXContainerItemProxy */ = {
			isa = PBXContainerItemProxy;
			containerPortal = 762557E22138035800F69A77 /* updatecore.xcodeproj */;
			proxyType = 2;
			remoteGlobalIDString = 76B1D4EA2142854C0036431F;
			remoteInfo = UCIsolatedInstall;
		};
		76CBCA82213ADBCE004BD904 /* PBXContainerItemProxy */ = {
			isa = PBXContainerItemProxy;
			containerPortal = 762557E22138035800F69A77 /* updatecore.xcodeproj */;
			proxyType = 2;
			remoteGlobalIDString = 762557F921381F2A00F69A77;
			remoteInfo = UCIsolatedParse;
		};
/* End PBXContainerItemProxy section */

/* Begin PBXCopyFilesBuildPhase section */
		762557F22138036E00F69A77 /* Copy Frameworks */ = {
			isa = PBXCopyFilesBuildPhase;
			buildActionMask = 2147483647;
			dstPath = "";
			dstSubfolderSpec = 10;
			files = (
				762557F32138037D00F69A77 /* UpdateCore.framework in Copy Frameworks */,
			);
			name = "Copy Frameworks";
			runOnlyForDeploymentPostprocessing = 0;
		};
/* End PBXCopyFilesBuildPhase section */

/* Begin PBXFileReference section */
		762557C0213802B100F69A77 /* basic-core.app */ = {isa = PBXFileReference; explicitFileType = wrapper.application; includeInIndex = 0; path = "basic-core.app"; sourceTree = BUILT_PRODUCTS_DIR; };
		762557C3213802B100F69A77 /* BasicCore.h */ = {isa = PBXFileReference; lastKnownFileType = sourcecode.c.h; path = BasicCore.h; sourceTree = "<group>"; };
		762557C4213802B100F69A77 /* BasicCore.m */ = {isa = PBXFileReference; lastKnownFileType = sourcecode.c.objc; path = BasicCore.m; sourceTree = "<group>"; };
		762557C6213802B300F69A77 /* Assets.xcassets */ = {isa = PBXFileReference; lastKnownFileType = folder.assetcatalog; path = Assets.xcassets; sourceTree = "<group>"; };
		762557C9213802B300F69A77 /* Base */ = {isa = PBXFileReference; lastKnownFileType = file.xib; name = Base; path = Base.lproj/MainMenu.xib; sourceTree = "<group>"; };
		762557CB213802B300F69A77 /* Info.plist */ = {isa = PBXFileReference; lastKnownFileType = text.plist.xml; path = Info.plist; sourceTree = "<group>"; };
		762557CC213802B300F69A77 /* main.m */ = {isa = PBXFileReference; lastKnownFileType = sourcecode.c.objc; path = main.m; sourceTree = "<group>"; };
		762557D3213802B300F69A77 /* basic-coreTests.xctest */ = {isa = PBXFileReference; explicitFileType = wrapper.cfbundle; includeInIndex = 0; path = "basic-coreTests.xctest"; sourceTree = BUILT_PRODUCTS_DIR; };
		762557D7213802B300F69A77 /* basic_coreTests.m */ = {isa = PBXFileReference; lastKnownFileType = sourcecode.c.objc; path = basic_coreTests.m; sourceTree = "<group>"; };
		762557D9213802B300F69A77 /* Info.plist */ = {isa = PBXFileReference; lastKnownFileType = text.plist.xml; path = Info.plist; sourceTree = "<group>"; };
		762557E22138035800F69A77 /* updatecore.xcodeproj */ = {isa = PBXFileReference; lastKnownFileType = "wrapper.pb-project"; name = updatecore.xcodeproj; path = ../../frameworks/updatecore/updatecore.xcodeproj; sourceTree = "<group>"; };
		76B1D50D2142AF660036431F /* basic-core.entitlements */ = {isa = PBXFileReference; lastKnownFileType = text.plist.entitlements; path = "basic-core.entitlements"; sourceTree = "<group>"; };
/* End PBXFileReference section */

/* Begin PBXFrameworksBuildPhase section */
		762557BD213802B100F69A77 /* Frameworks */ = {
			isa = PBXFrameworksBuildPhase;
			buildActionMask = 2147483647;
			files = (
				762557F12138036B00F69A77 /* UpdateCore.framework in Frameworks */,
			);
			runOnlyForDeploymentPostprocessing = 0;
		};
		762557D0213802B300F69A77 /* Frameworks */ = {
			isa = PBXFrameworksBuildPhase;
			buildActionMask = 2147483647;
			files = (
			);
			runOnlyForDeploymentPostprocessing = 0;
		};
/* End PBXFrameworksBuildPhase section */

/* Begin PBXGroup section */
		762557B7213802B100F69A77 = {
			isa = PBXGroup;
			children = (
				762557C2213802B100F69A77 /* basic-core */,
				762557D6213802B300F69A77 /* basic-coreTests */,
				762557C1213802B100F69A77 /* Products */,
				762557F02138036B00F69A77 /* Frameworks */,
				762557E22138035800F69A77 /* updatecore.xcodeproj */,
			);
			sourceTree = "<group>";
		};
		762557C1213802B100F69A77 /* Products */ = {
			isa = PBXGroup;
			children = (
				762557C0213802B100F69A77 /* basic-core.app */,
				762557D3213802B300F69A77 /* basic-coreTests.xctest */,
			);
			name = Products;
			sourceTree = "<group>";
		};
		762557C2213802B100F69A77 /* basic-core */ = {
			isa = PBXGroup;
			children = (
				762557C3213802B100F69A77 /* BasicCore.h */,
				762557C4213802B100F69A77 /* BasicCore.m */,
				762557C6213802B300F69A77 /* Assets.xcassets */,
				762557C8213802B300F69A77 /* MainMenu.xib */,
				762557CB213802B300F69A77 /* Info.plist */,
				762557CC213802B300F69A77 /* main.m */,
				76B1D50D2142AF660036431F /* basic-core.entitlements */,
			);
			path = "basic-core";
			sourceTree = "<group>";
		};
		762557D6213802B300F69A77 /* basic-coreTests */ = {
			isa = PBXGroup;
			children = (
				762557D7213802B300F69A77 /* basic_coreTests.m */,
				762557D9213802B300F69A77 /* Info.plist */,
			);
			path = "basic-coreTests";
			sourceTree = "<group>";
		};
		762557E32138035800F69A77 /* Products */ = {
			isa = PBXGroup;
			children = (
				762557E92138035800F69A77 /* UpdateCore.framework */,
				762557EB2138035800F69A77 /* updatecoreTests.xctest */,
				762557ED2138035800F69A77 /* UCIsolatedDownload.xpc */,
				76CBCA83213ADBCE004BD904 /* UCIsolatedParse.xpc */,
				76B1D5062142AF040036431F /* UCIsolatedVerify.xpc */,
				76B1D5082142AF040036431F /* UCIsolatedInstall.xpc */,
				769AB86E214553E800A32591 /* UCInstallTool */,
				76020B892143C5170041D79B /* Update Authority.app */,
			);
			name = Products;
			sourceTree = "<group>";
		};
		762557F02138036B00F69A77 /* Frameworks */ = {
			isa = PBXGroup;
			children = (
			);
			name = Frameworks;
			sourceTree = "<group>";
		};
/* End PBXGroup section */

/* Begin PBXNativeTarget section */
		762557BF213802B100F69A77 /* basic-core */ = {
			isa = PBXNativeTarget;
			buildConfigurationList = 762557DC213802B300F69A77 /* Build configuration list for PBXNativeTarget "basic-core" */;
			buildPhases = (
				762557BC213802B100F69A77 /* Sources */,
				762557BD213802B100F69A77 /* Frameworks */,
				762557BE213802B100F69A77 /* Resources */,
				762557F22138036E00F69A77 /* Copy Frameworks */,
			);
			buildRules = (
			);
			dependencies = (
				762557EF2138036600F69A77 /* PBXTargetDependency */,
			);
			name = "basic-core";
			productName = "basic-core";
			productReference = 762557C0213802B100F69A77 /* basic-core.app */;
			productType = "com.apple.product-type.application";
		};
		762557D2213802B300F69A77 /* basic-coreTests */ = {
			isa = PBXNativeTarget;
			buildConfigurationList = 762557DF213802B300F69A77 /* Build configuration list for PBXNativeTarget "basic-coreTests" */;
			buildPhases = (
				762557CF213802B300F69A77 /* Sources */,
				762557D0213802B300F69A77 /* Frameworks */,
				762557D1213802B300F69A77 /* Resources */,
			);
			buildRules = (
			);
			dependencies = (
				762557D5213802B300F69A77 /* PBXTargetDependency */,
			);
			name = "basic-coreTests";
			productName = "basic-coreTests";
			productReference = 762557D3213802B300F69A77 /* basic-coreTests.xctest */;
			productType = "com.apple.product-type.bundle.unit-test";
		};
/* End PBXNativeTarget section */

/* Begin PBXProject section */
		762557B8213802B100F69A77 /* Project object */ = {
			isa = PBXProject;
			attributes = {
				LastUpgradeCheck = 1130;
				ORGANIZATIONNAME = "Graham Miln";
				TargetAttributes = {
					762557BF213802B100F69A77 = {
						CreatedOnToolsVersion = 9.4.1;
						SystemCapabilities = {
							com.apple.Sandbox = {
								enabled = 1;
							};
						};
					};
					762557D2213802B300F69A77 = {
						CreatedOnToolsVersion = 9.4.1;
						TestTargetID = 762557BF213802B100F69A77;
					};
				};
			};
			buildConfigurationList = 762557BB213802B100F69A77 /* Build configuration list for PBXProject "basic-core" */;
			compatibilityVersion = "Xcode 9.3";
			developmentRegion = en;
			hasScannedForEncodings = 0;
			knownRegions = (
				en,
				Base,
			);
			mainGroup = 762557B7213802B100F69A77;
			productRefGroup = 762557C1213802B100F69A77 /* Products */;
			projectDirPath = "";
			projectReferences = (
				{
					ProductGroup = 762557E32138035800F69A77 /* Products */;
					ProjectRef = 762557E22138035800F69A77 /* updatecore.xcodeproj */;
				},
			);
			projectRoot = "";
			targets = (
				762557BF213802B100F69A77 /* basic-core */,
				762557D2213802B300F69A77 /* basic-coreTests */,
			);
		};
/* End PBXProject section */

/* Begin PBXReferenceProxy section */
		76020B892143C5170041D79B /* Update Authority.app */ = {
			isa = PBXReferenceProxy;
			fileType = wrapper.application;
			path = "Power Manager Software Update.app";
			remoteRef = 76020B882143C5170041D79B /* PBXContainerItemProxy */;
			sourceTree = BUILT_PRODUCTS_DIR;
		};
		762557E92138035800F69A77 /* UpdateCore.framework */ = {
			isa = PBXReferenceProxy;
			fileType = wrapper.framework;
			path = UpdateCore.framework;
			remoteRef = 762557E82138035800F69A77 /* PBXContainerItemProxy */;
			sourceTree = BUILT_PRODUCTS_DIR;
		};
		762557EB2138035800F69A77 /* updatecoreTests.xctest */ = {
			isa = PBXReferenceProxy;
			fileType = wrapper.cfbundle;
			path = updatecoreTests.xctest;
			remoteRef = 762557EA2138035800F69A77 /* PBXContainerItemProxy */;
			sourceTree = BUILT_PRODUCTS_DIR;
		};
		762557ED2138035800F69A77 /* UCIsolatedDownload.xpc */ = {
			isa = PBXReferenceProxy;
			fileType = "wrapper.xpc-service";
			path = UCIsolatedDownload.xpc;
			remoteRef = 762557EC2138035800F69A77 /* PBXContainerItemProxy */;
			sourceTree = BUILT_PRODUCTS_DIR;
		};
		769AB86E214553E800A32591 /* UCInstallTool */ = {
			isa = PBXReferenceProxy;
			fileType = "compiled.mach-o.executable";
			path = uk.co.dssw.powermanager.installer;
			remoteRef = 769AB86D214553E800A32591 /* PBXContainerItemProxy */;
			sourceTree = BUILT_PRODUCTS_DIR;
		};
		76B1D5062142AF040036431F /* UCIsolatedVerify.xpc */ = {
			isa = PBXReferenceProxy;
			fileType = "wrapper.xpc-service";
			path = UCIsolatedVerify.xpc;
			remoteRef = 76B1D5052142AF040036431F /* PBXContainerItemProxy */;
			sourceTree = BUILT_PRODUCTS_DIR;
		};
		76B1D5082142AF040036431F /* UCIsolatedInstall.xpc */ = {
			isa = PBXReferenceProxy;
			fileType = "wrapper.xpc-service";
			path = UCIsolatedInstall.xpc;
			remoteRef = 76B1D5072142AF040036431F /* PBXContainerItemProxy */;
			sourceTree = BUILT_PRODUCTS_DIR;
		};
		76CBCA83213ADBCE004BD904 /* UCIsolatedParse.xpc */ = {
			isa = PBXReferenceProxy;
			fileType = "wrapper.xpc-service";
			path = UCIsolatedParse.xpc;
			remoteRef = 76CBCA82213ADBCE004BD904 /* PBXContainerItemProxy */;
			sourceTree = BUILT_PRODUCTS_DIR;
		};
/* End PBXReferenceProxy section */

/* Begin PBXResourcesBuildPhase section */
		762557BE213802B100F69A77 /* Resources */ = {
			isa = PBXResourcesBuildPhase;
			buildActionMask = 2147483647;
			files = (
				762557C7213802B300F69A77 /* Assets.xcassets in Resources */,
				762557CA213802B300F69A77 /* MainMenu.xib in Resources */,
			);
			runOnlyForDeploymentPostprocessing = 0;
		};
		762557D1213802B300F69A77 /* Resources */ = {
			isa = PBXResourcesBuildPhase;
			buildActionMask = 2147483647;
			files = (
			);
			runOnlyForDeploymentPostprocessing = 0;
		};
/* End PBXResourcesBuildPhase section */

/* Begin PBXSourcesBuildPhase section */
		762557BC213802B100F69A77 /* Sources */ = {
			isa = PBXSourcesBuildPhase;
			buildActionMask = 2147483647;
			files = (
				762557CD213802B300F69A77 /* main.m in Sources */,
				762557C5213802B100F69A77 /* BasicCore.m in Sources */,
			);
			runOnlyForDeploymentPostprocessing = 0;
		};
		762557CF213802B300F69A77 /* Sources */ = {
			isa = PBXSourcesBuildPhase;
			buildActionMask = 2147483647;
			files = (
				762557D8213802B300F69A77 /* basic_coreTests.m in Sources */,
			);
			runOnlyForDeploymentPostprocessing = 0;
		};
/* End PBXSourcesBuildPhase section */

/* Begin PBXTargetDependency section */
		762557D5213802B300F69A77 /* PBXTargetDependency */ = {
			isa = PBXTargetDependency;
			target = 762557BF213802B100F69A77 /* basic-core */;
			targetProxy = 762557D4213802B300F69A77 /* PBXContainerItemProxy */;
		};
		762557EF2138036600F69A77 /* PBXTargetDependency */ = {
			isa = PBXTargetDependency;
			name = UpdateCore;
			targetProxy = 762557EE2138036600F69A77 /* PBXContainerItemProxy */;
		};
/* End PBXTargetDependency section */

/* Begin PBXVariantGroup section */
		762557C8213802B300F69A77 /* MainMenu.xib */ = {
			isa = PBXVariantGroup;
			children = (
				762557C9213802B300F69A77 /* Base */,
			);
			name = MainMenu.xib;
			sourceTree = "<group>";
		};
/* End PBXVariantGroup section */

/* Begin XCBuildConfiguration section */
		762557DA213802B300F69A77 /* Debug */ = {
			isa = XCBuildConfiguration;
			buildSettings = {
				ALWAYS_SEARCH_USER_PATHS = NO;
				CLANG_ANALYZER_NONNULL = YES;
				CLANG_ANALYZER_NUMBER_OBJECT_CONVERSION = YES_AGGRESSIVE;
				CLANG_CXX_LANGUAGE_STANDARD = "gnu++14";
				CLANG_CXX_LIBRARY = "libc++";
				CLANG_ENABLE_MODULES = YES;
				CLANG_ENABLE_OBJC_ARC = YES;
				CLANG_ENABLE_OBJC_WEAK = YES;
				CLANG_WARN_BLOCK_CAPTURE_AUTORELEASING = YES;
				CLANG_WARN_BOOL_CONVERSION = YES;
				CLANG_WARN_COMMA = YES;
				CLANG_WARN_CONSTANT_CONVERSION = YES;
				CLANG_WARN_DEPRECATED_OBJC_IMPLEMENTATIONS = YES;
				CLANG_WARN_DIRECT_OBJC_ISA_USAGE = YES_ERROR;
				CLANG_WARN_DOCUMENTATION_COMMENTS = YES;
				CLANG_WARN_EMPTY_BODY = YES;
				CLANG_WARN_ENUM_CONVERSION = YES;
				CLANG_WARN_INFINITE_RECURSION = YES;
				CLANG_WARN_INT_CONVERSION = YES;
				CLANG_WARN_NON_LITERAL_NULL_CONVERSION = YES;
				CLANG_WARN_OBJC_IMPLICIT_RETAIN_SELF = YES;
				CLANG_WARN_OBJC_LITERAL_CONVERSION = YES;
				CLANG_WARN_OBJC_ROOT_CLASS = YES_ERROR;
				CLANG_WARN_RANGE_LOOP_ANALYSIS = YES;
				CLANG_WARN_STRICT_PROTOTYPES = YES;
				CLANG_WARN_SUSPICIOUS_MOVE = YES;
				CLANG_WARN_UNGUARDED_AVAILABILITY = YES_AGGRESSIVE;
				CLANG_WARN_UNREACHABLE_CODE = YES;
				CLANG_WARN__DUPLICATE_METHOD_MATCH = YES;
				CODE_SIGN_IDENTITY = "Mac Developer";
				COPY_PHASE_STRIP = NO;
				DEBUG_INFORMATION_FORMAT = dwarf;
				ENABLE_STRICT_OBJC_MSGSEND = YES;
				ENABLE_TESTABILITY = YES;
				GCC_C_LANGUAGE_STANDARD = gnu11;
				GCC_DYNAMIC_NO_PIC = NO;
				GCC_NO_COMMON_BLOCKS = YES;
				GCC_OPTIMIZATION_LEVEL = 0;
				GCC_PREPROCESSOR_DEFINITIONS = (
					"DEBUG=1",
					"$(inherited)",
				);
				GCC_WARN_64_TO_32_BIT_CONVERSION = YES;
				GCC_WARN_ABOUT_RETURN_TYPE = YES_ERROR;
				GCC_WARN_UNDECLARED_SELECTOR = YES;
				GCC_WARN_UNINITIALIZED_AUTOS = YES_AGGRESSIVE;
				GCC_WARN_UNUSED_FUNCTION = YES;
				GCC_WARN_UNUSED_VARIABLE = YES;
				MACOSX_DEPLOYMENT_TARGET = 10.12;
				MTL_ENABLE_DEBUG_INFO = YES;
				ONLY_ACTIVE_ARCH = YES;
				SDKROOT = macosx;
			};
			name = Debug;
		};
		762557DB213802B300F69A77 /* Release */ = {
			isa = XCBuildConfiguration;
			buildSettings = {
				ALWAYS_SEARCH_USER_PATHS = NO;
				CLANG_ANALYZER_NONNULL = YES;
				CLANG_ANALYZER_NUMBER_OBJECT_CONVERSION = YES_AGGRESSIVE;
				CLANG_CXX_LANGUAGE_STANDARD = "gnu++14";
				CLANG_CXX_LIBRARY = "libc++";
				CLANG_ENABLE_MODULES = YES;
				CLANG_ENABLE_OBJC_ARC = YES;
				CLANG_ENABLE_OBJC_WEAK = YES;
				CLANG_WARN_BLOCK_CAPTURE_AUTORELEASING = YES;
				CLANG_WARN_BOOL_CONVERSION = YES;
				CLANG_WARN_COMMA = YES;
				CLANG_WARN_CONSTANT_CONVERSION = YES;
				CLANG_WARN_DEPRECATED_OBJC_IMPLEMENTATIONS = YES;
				CLANG_WARN_DIRECT_OBJC_ISA_USAGE = YES_ERROR;
				CLANG_WARN_DOCUMENTATION_COMMENTS = YES;
				CLANG_WARN_EMPTY_BODY = YES;
				CLANG_WARN_ENUM_CONVERSION = YES;
				CLANG_WARN_INFINITE_RECURSION = YES;
				CLANG_WARN_INT_CONVERSION = YES;
				CLANG_WARN_NON_LITERAL_NULL_CONVERSION = YES;
				CLANG_WARN_OBJC_IMPLICIT_RETAIN_SELF = YES;
				CLANG_WARN_OBJC_LITERAL_CONVERSION = YES;
				CLANG_WARN_OBJC_ROOT_CLASS = YES_ERROR;
				CLANG_WARN_RANGE_LOOP_ANALYSIS = YES;
				CLANG_WARN_STRICT_PROTOTYPES = YES;
				CLANG_WARN_SUSPICIOUS_MOVE = YES;
				CLANG_WARN_UNGUARDED_AVAILABILITY = YES_AGGRESSIVE;
				CLANG_WARN_UNREACHABLE_CODE = YES;
				CLANG_WARN__DUPLICATE_METHOD_MATCH = YES;
				CODE_SIGN_IDENTITY = "Mac Developer";
				COPY_PHASE_STRIP = NO;
				DEBUG_INFORMATION_FORMAT = "dwarf-with-dsym";
				ENABLE_NS_ASSERTIONS = NO;
				ENABLE_STRICT_OBJC_MSGSEND = YES;
				GCC_C_LANGUAGE_STANDARD = gnu11;
				GCC_NO_COMMON_BLOCKS = YES;
				GCC_WARN_64_TO_32_BIT_CONVERSION = YES;
				GCC_WARN_ABOUT_RETURN_TYPE = YES_ERROR;
				GCC_WARN_UNDECLARED_SELECTOR = YES;
				GCC_WARN_UNINITIALIZED_AUTOS = YES_AGGRESSIVE;
				GCC_WARN_UNUSED_FUNCTION = YES;
				GCC_WARN_UNUSED_VARIABLE = YES;
				MACOSX_DEPLOYMENT_TARGET = 10.12;
				MTL_ENABLE_DEBUG_INFO = NO;
				SDKROOT = macosx;
			};
			name = Release;
		};
		762557DD213802B300F69A77 /* Debug */ = {
			isa = XCBuildConfiguration;
			buildSettings = {
				ASSETCATALOG_COMPILER_APPICON_NAME = AppIcon;
				CODE_SIGN_ENTITLEMENTS = "basic-core/basic-core.entitlements";
				CODE_SIGN_STYLE = Automatic;
				COMBINE_HIDPI_IMAGES = YES;
				DEVELOPMENT_TEAM = 433NAP3RYA;
				INFOPLIST_FILE = "basic-core/Info.plist";
				LD_RUNPATH_SEARCH_PATHS = (
					"$(inherited)",
					"@executable_path/../Frameworks",
				);
				PRODUCT_BUNDLE_IDENTIFIER = "eu.miln.update.basic-core";
				PRODUCT_NAME = "$(TARGET_NAME)";
			};
			name = Debug;
		};
		762557DE213802B300F69A77 /* Release */ = {
			isa = XCBuildConfiguration;
			buildSettings = {
				ASSETCATALOG_COMPILER_APPICON_NAME = AppIcon;
				CODE_SIGN_ENTITLEMENTS = "basic-core/basic-core.entitlements";
				CODE_SIGN_STYLE = Automatic;
				COMBINE_HIDPI_IMAGES = YES;
				DEVELOPMENT_TEAM = 433NAP3RYA;
				INFOPLIST_FILE = "basic-core/Info.plist";
				LD_RUNPATH_SEARCH_PATHS = (
					"$(inherited)",
					"@executable_path/../Frameworks",
				);
				PRODUCT_BUNDLE_IDENTIFIER = "eu.miln.update.basic-core";
				PRODUCT_NAME = "$(TARGET_NAME)";
			};
			name = Release;
		};
		762557E0213802B300F69A77 /* Debug */ = {
			isa = XCBuildConfiguration;
			buildSettings = {
				BUNDLE_LOADER = "$(TEST_HOST)";
				CODE_SIGN_STYLE = Automatic;
				COMBINE_HIDPI_IMAGES = YES;
				DEVELOPMENT_TEAM = 433NAP3RYA;
				INFOPLIST_FILE = "basic-coreTests/Info.plist";
				LD_RUNPATH_SEARCH_PATHS = (
					"$(inherited)",
					"@executable_path/../Frameworks",
					"@loader_path/../Frameworks",
				);
				PRODUCT_BUNDLE_IDENTIFIER = "eu.miln.update.basic-coreTests";
				PRODUCT_NAME = "$(TARGET_NAME)";
				TEST_HOST = "$(BUILT_PRODUCTS_DIR)/basic-core.app/Contents/MacOS/basic-core";
			};
			name = Debug;
		};
		762557E1213802B300F69A77 /* Release */ = {
			isa = XCBuildConfiguration;
			buildSettings = {
				BUNDLE_LOADER = "$(TEST_HOST)";
				CODE_SIGN_STYLE = Automatic;
				COMBINE_HIDPI_IMAGES = YES;
				DEVELOPMENT_TEAM = 433NAP3RYA;
				INFOPLIST_FILE = "basic-coreTests/Info.plist";
				LD_RUNPATH_SEARCH_PATHS = (
					"$(inherited)",
					"@executable_path/../Frameworks",
					"@loader_path/../Frameworks",
				);
				PRODUCT_BUNDLE_IDENTIFIER = "eu.miln.update.basic-coreTests";
				PRODUCT_NAME = "$(TARGET_NAME)";
				TEST_HOST = "$(BUILT_PRODUCTS_DIR)/basic-core.app/Contents/MacOS/basic-core";
			};
			name = Release;
		};
/* End XCBuildConfiguration section */

/* Begin XCConfigurationList section */
		762557BB213802B100F69A77 /* Build configuration list for PBXProject "basic-core" */ = {
			isa = XCConfigurationList;
			buildConfigurations = (
				762557DA213802B300F69A77 /* Debug */,
				762557DB213802B300F69A77 /* Release */,
			);
			defaultConfigurationIsVisible = 0;
			defaultConfigurationName = Release;
		};
		762557DC213802B300F69A77 /* Build configuration list for PBXNativeTarget "basic-core" */ = {
			isa = XCConfigurationList;
			buildConfigurations = (
				762557DD213802B300F69A77 /* Debug */,
				762557DE213802B300F69A77 /* Release */,
			);
			defaultConfigurationIsVisible = 0;
			defaultConfigurationName = Release;
		};
		762557DF213802B300F69A77 /* Build configuration list for PBXNativeTarget "basic-coreTests" */ = {
			isa = XCConfigurationList;
			buildConfigurations = (
				762557E0213802B300F69A77 /* Debug */,
				762557E1213802B300F69A77 /* Release */,
			);
			defaultConfigurationIsVisible = 0;
			defaultConfigurationName = Release;
		};
/* End XCConfigurationList section */
	};
	rootObject = 762557B8213802B100F69A77 /* Project object */;
}
